
Microsoft Visual Studio Solution File, Format Version 12.00
# Visual Studio Version 17
VisualStudioVersion = 17.13.35931.197
MinimumVisualStudioVersion = 10.0.40219.1
Project("{FAE04EC0-301F-11D3-BF4B-00C04F79EFBC}") = "CSPrint", "CSPrint\CSPrint.csproj", "{C0F41C36-ED41-4B49-ADFE-D4ACF39B1589}"
EndProject
Global
	GlobalSection(SolutionConfigurationPlatforms) = preSolution
		Debug|Any CPU = Debug|Any CPU
		Release|Any CPU = Release|Any CPU
	EndGlobalSection
	GlobalSection(ProjectConfigurationPlatforms) = postSolution
		{C0F41C36-ED41-4B49-ADFE-D4ACF39B1589}.Debug|Any CPU.ActiveCfg = Debug|Any CPU
		{C0F41C36-ED41-4B49-ADFE-D4ACF39B1589}.Debug|Any CPU.Build.0 = Debug|Any CPU
		{C0F41C36-ED41-4B49-ADFE-D4ACF39B1589}.Release|Any CPU.ActiveCfg = Release|Any CPU
		{C0F41C36-ED41-4B49-ADFE-D4ACF39B1589}.Release|Any CPU.Build.0 = Release|Any CPU
	EndGlobalSection
	GlobalSection(SolutionProperties) = preSolution
		HideSolutionNode = FALSE
	EndGlobalSection
	GlobalSection(ExtensibilityGlobals) = postSolution
		SolutionGuid = {574E95FA-F363-4C7F-92C5-4AE7B4842E20}
	EndGlobalSection
EndGlobal
